
Microsoft Visual Studio Solution File, Format Version 12.00
# Visual Studio Version 17
VisualStudioVersion = 17.9.34616.47
MinimumVisualStudioVersion = 10.0.40219.1
Project("{9A19103F-16F7-4668-BE54-9A1E7A4F7556}") = "L1", "L1.csproj", "{718D3E47-1E5D-4F6B-9826-5006458DB939}"
EndProject
Global
	GlobalSection(SolutionConfigurationPlatforms) = preSolution
		Debug|Any CPU = Debug|Any CPU
		Release|Any CPU = Release|Any CPU
	EndGlobalSection
	GlobalSection(ProjectConfigurationPlatforms) = postSolution
		{718D3E47-1E5D-4F6B-9826-5006458DB939}.Debug|Any CPU.ActiveCfg = Debug|Any CPU
		{718D3E47-1E5D-4F6B-9826-5006458DB939}.Debug|Any CPU.Build.0 = Debug|Any CPU
		{718D3E47-1E5D-4F6B-9826-5006458DB939}.Release|Any CPU.ActiveCfg = Release|Any CPU
		{718D3E47-1E5D-4F6B-9826-5006458DB939}.Release|Any CPU.Build.0 = Release|Any CPU
	EndGlobalSection
	GlobalSection(SolutionProperties) = preSolution
		HideSolutionNode = FALSE
	EndGlobalSection
	GlobalSection(ExtensibilityGlobals) = postSolution
		SolutionGuid = {2B99BADB-8B21-4F72-95EF-A6ED033F1C53}
	EndGlobalSection
EndGlobal
